// !$*UTF8*$!
{
	archiveVersion = 1;
	classes = {
	};
	objectVersion = 48;
	objects = {

/* Begin PBXBuildFile section */
		1CF86D822076176F00B9C620 /* AppDelegate.swift in Sources */ = {isa = PBXBuildFile; fileRef = 1CF86D812076176F00B9C620 /* AppDelegate.swift */; };
		1CF86D842076176F00B9C620 /* ViewController.swift in Sources */ = {isa = PBXBuildFile; fileRef = 1CF86D832076176F00B9C620 /* ViewController.swift */; };
		1CF86D872076176F00B9C620 /* Main.storyboard in Resources */ = {isa = PBXBuildFile; fileRef = 1CF86D852076176F00B9C620 /* Main.storyboard */; };
		1CF86D8A2076176F00B9C620 /* XBSwiftTabbarController.xcdatamodeld in Sources */ = {isa = PBXBuildFile; fileRef = 1CF86D882076176F00B9C620 /* XBSwiftTabbarController.xcdatamodeld */; };
		1CF86D8C2076176F00B9C620 /* Assets.xcassets in Resources */ = {isa = PBXBuildFile; fileRef = 1CF86D8B2076176F00B9C620 /* Assets.xcassets */; };
		1CF86D8F2076176F00B9C620 /* LaunchScreen.storyboard in Resources */ = {isa = PBXBuildFile; fileRef = 1CF86D8D2076176F00B9C620 /* LaunchScreen.storyboard */; };
		1CF86D9B2076182000B9C620 /* HomeViewController.swift in Sources */ = {isa = PBXBuildFile; fileRef = 1CF86D9A2076182000B9C620 /* HomeViewController.swift */; };
		1CF86D9D2076184100B9C620 /* MessageViewController.swift in Sources */ = {isa = PBXBuildFile; fileRef = 1CF86D9C2076184100B9C620 /* MessageViewController.swift */; };
		1CF86D9F2076186100B9C620 /* ProfileViewController.swift in Sources */ = {isa = PBXBuildFile; fileRef = 1CF86D9E2076186100B9C620 /* ProfileViewController.swift */; };
		1CF86DA12076187A00B9C620 /* DiscoverViewController.swift in Sources */ = {isa = PBXBuildFile; fileRef = 1CF86DA02076187A00B9C620 /* DiscoverViewController.swift */; };
		1CF86DA3207618C100B9C620 /* MainTabBarController.swift in Sources */ = {isa = PBXBuildFile; fileRef = 1CF86DA2207618C100B9C620 /* MainTabBarController.swift */; };
		1CF86DA52076230A00B9C620 /* MainVCSettings.geojson in Resources */ = {isa = PBXBuildFile; fileRef = 1CF86DA42076223700B9C620 /* MainVCSettings.geojson */; };
/* End PBXBuildFile section */

/* Begin PBXFileReference section */
		1CF86D7E2076176F00B9C620 /* XBSwiftTabbarController.app */ = {isa = PBXFileReference; explicitFileType = wrapper.application; includeInIndex = 0; path = XBSwiftTabbarController.app; sourceTree = BUILT_PRODUCTS_DIR; };
		1CF86D812076176F00B9C620 /* AppDelegate.swift */ = {isa = PBXFileReference; lastKnownFileType = sourcecode.swift; path = AppDelegate.swift; sourceTree = "<group>"; };
		1CF86D832076176F00B9C620 /* ViewController.swift */ = {isa = PBXFileReference; lastKnownFileType = sourcecode.swift; path = ViewController.swift; sourceTree = "<group>"; };
		1CF86D862076176F00B9C620 /* Base */ = {isa = PBXFileReference; lastKnownFileType = file.storyboard; name = Base; path = Base.lproj/Main.storyboard; sourceTree = "<group>"; };
		1CF86D892076176F00B9C620 /* XBSwiftTabbarController.xcdatamodel */ = {isa = PBXFileReference; lastKnownFileType = wrapper.xcdatamodel; path = XBSwiftTabbarController.xcdatamodel; sourceTree = "<group>"; };
		1CF86D8B2076176F00B9C620 /* Assets.xcassets */ = {isa = PBXFileReference; lastKnownFileType = folder.assetcatalog; path = Assets.xcassets; sourceTree = "<group>"; };
		1CF86D8E2076176F00B9C620 /* Base */ = {isa = PBXFileReference; lastKnownFileType = file.storyboard; name = Base; path = Base.lproj/LaunchScreen.storyboard; sourceTree = "<group>"; };
		1CF86D902076176F00B9C620 /* Info.plist */ = {isa = PBXFileReference; lastKnownFileType = text.plist.xml; path = Info.plist; sourceTree = "<group>"; };
		1CF86D9A2076182000B9C620 /* HomeViewController.swift */ = {isa = PBXFileReference; lastKnownFileType = sourcecode.swift; path = HomeViewController.swift; sourceTree = "<group>"; };
		1CF86D9C2076184100B9C620 /* MessageViewController.swift */ = {isa = PBXFileReference; lastKnownFileType = sourcecode.swift; path = MessageViewController.swift; sourceTree = "<group>"; };
		1CF86D9E2076186100B9C620 /* ProfileViewController.swift */ = {isa = PBXFileReference; lastKnownFileType = sourcecode.swift; path = ProfileViewController.swift; sourceTree = "<group>"; };
		1CF86DA02076187A00B9C620 /* DiscoverViewController.swift */ = {isa = PBXFileReference; lastKnownFileType = sourcecode.swift; path = DiscoverViewController.swift; sourceTree = "<group>"; };
		1CF86DA2207618C100B9C620 /* MainTabBarController.swift */ = {isa = PBXFileReference; lastKnownFileType = sourcecode.swift; path = MainTabBarController.swift; sourceTree = "<group>"; };
		1CF86DA42076223700B9C620 /* MainVCSettings.geojson */ = {isa = PBXFileReference; fileEncoding = 4; lastKnownFileType = text; path = MainVCSettings.geojson; sourceTree = "<group>"; };
/* End PBXFileReference section */

/* Begin PBXFrameworksBuildPhase section */
		1CF86D7B2076176F00B9C620 /* Frameworks */ = {
			isa = PBXFrameworksBuildPhase;
			buildActionMask = 2147483647;
			files = (
			);
			runOnlyForDeploymentPostprocessing = 0;
		};
/* End PBXFrameworksBuildPhase section */

/* Begin PBXGroup section */
		1CF86D752076176F00B9C620 = {
			isa = PBXGroup;
			children = (
				1CF86D802076176F00B9C620 /* XBSwiftTabbarController */,
				1CF86D7F2076176F00B9C620 /* Products */,
			);
			sourceTree = "<group>";
		};
		1CF86D7F2076176F00B9C620 /* Products */ = {
			isa = PBXGroup;
			children = (
				1CF86D7E2076176F00B9C620 /* XBSwiftTabbarController.app */,
			);
			name = Products;
			sourceTree = "<group>";
		};
		1CF86D802076176F00B9C620 /* XBSwiftTabbarController */ = {
			isa = PBXGroup;
			children = (
				1CF86D992076181100B9C620 /* Classes */,
				1CF86D812076176F00B9C620 /* AppDelegate.swift */,
				1CF86D832076176F00B9C620 /* ViewController.swift */,
				1CF86D852076176F00B9C620 /* Main.storyboard */,
				1CF86D8B2076176F00B9C620 /* Assets.xcassets */,
				1CF86D8D2076176F00B9C620 /* LaunchScreen.storyboard */,
				1CF86D902076176F00B9C620 /* Info.plist */,
				1CF86D882076176F00B9C620 /* XBSwiftTabbarController.xcdatamodeld */,
			);
			path = XBSwiftTabbarController;
			sourceTree = "<group>";
		};
		1CF86D992076181100B9C620 /* Classes */ = {
			isa = PBXGroup;
			children = (
				1CF86D9A2076182000B9C620 /* HomeViewController.swift */,
				1CF86DA02076187A00B9C620 /* DiscoverViewController.swift */,
				1CF86D9C2076184100B9C620 /* MessageViewController.swift */,
				1CF86D9E2076186100B9C620 /* ProfileViewController.swift */,
				1CF86DA2207618C100B9C620 /* MainTabBarController.swift */,
				1CF86DA42076223700B9C620 /* MainVCSettings.geojson */,
			);
			path = Classes;
			sourceTree = "<group>";
		};
/* End PBXGroup section */

/* Begin PBXNativeTarget section */
		1CF86D7D2076176F00B9C620 /* XBSwiftTabbarController */ = {
			isa = PBXNativeTarget;
			buildConfigurationList = 1CF86D932076176F00B9C620 /* Build configuration list for PBXNativeTarget "XBSwiftTabbarController" */;
			buildPhases = (
				1CF86D7A2076176F00B9C620 /* Sources */,
				1CF86D7B2076176F00B9C620 /* Frameworks */,
				1CF86D7C2076176F00B9C620 /* Resources */,
			);
			buildRules = (
			);
			dependencies = (
			);
			name = XBSwiftTabbarController;
			productName = XBSwiftTabbarController;
			productReference = 1CF86D7E2076176F00B9C620 /* XBSwiftTabbarController.app */;
			productType = "com.apple.product-type.application";
		};
/* End PBXNativeTarget section */

/* Begin PBXProject section */
		1CF86D762076176F00B9C620 /* Project object */ = {
			isa = PBXProject;
			attributes = {
				LastSwiftUpdateCheck = 0920;
				LastUpgradeCheck = 0920;
				ORGANIZATIONNAME = xiebin;
				TargetAttributes = {
					1CF86D7D2076176F00B9C620 = {
						CreatedOnToolsVersion = 9.2;
						ProvisioningStyle = Automatic;
					};
				};
			};
			buildConfigurationList = 1CF86D792076176F00B9C620 /* Build configuration list for PBXProject "XBSwiftTabbarController" */;
			compatibilityVersion = "Xcode 8.0";
			developmentRegion = en;
			hasScannedForEncodings = 0;
			knownRegions = (
				en,
				Base,
			);
			mainGroup = 1CF86D752076176F00B9C620;
			productRefGroup = 1CF86D7F2076176F00B9C620 /* Products */;
			projectDirPath = "";
			projectRoot = "";
			targets = (
				1CF86D7D2076176F00B9C620 /* XBSwiftTabbarController */,
			);
		};
/* End PBXProject section */

/* Begin PBXResourcesBuildPhase section */
		1CF86D7C2076176F00B9C620 /* Resources */ = {
			isa = PBXResourcesBuildPhase;
			buildActionMask = 2147483647;
			files = (
				1CF86DA52076230A00B9C620 /* MainVCSettings.geojson in Resources */,
				1CF86D8F2076176F00B9C620 /* LaunchScreen.storyboard in Resources */,
				1CF86D8C2076176F00B9C620 /* Assets.xcassets in Resources */,
				1CF86D872076176F00B9C620 /* Main.storyboard in Resources */,
			);
			runOnlyForDeploymentPostprocessing = 0;
		};
/* End PBXResourcesBuildPhase section */

/* Begin PBXSourcesBuildPhase section */
		1CF86D7A2076176F00B9C620 /* Sources */ = {
			isa = PBXSourcesBuildPhase;
			buildActionMask = 2147483647;
			files = (
				1CF86D9F2076186100B9C620 /* ProfileViewController.swift in Sources */,
				1CF86D842076176F00B9C620 /* ViewController.swift in Sources */,
				1CF86DA3207618C100B9C620 /* MainTabBarController.swift in Sources */,
				1CF86DA12076187A00B9C620 /* DiscoverViewController.swift in Sources */,
				1CF86D8A2076176F00B9C620 /* XBSwiftTabbarController.xcdatamodeld in Sources */,
				1CF86D822076176F00B9C620 /* AppDelegate.swift in Sources */,
				1CF86D9B2076182000B9C620 /* HomeViewController.swift in Sources */,
				1CF86D9D2076184100B9C620 /* MessageViewController.swift in Sources */,
			);
			runOnlyForDeploymentPostprocessing = 0;
		};
/* End PBXSourcesBuildPhase section */

/* Begin PBXVariantGroup section */
		1CF86D852076176F00B9C620 /* Main.storyboard */ = {
			isa = PBXVariantGroup;
			children = (
				1CF86D862076176F00B9C620 /* Base */,
			);
			name = Main.storyboard;
			sourceTree = "<group>";
		};
		1CF86D8D2076176F00B9C620 /* LaunchScreen.storyboard */ = {
			isa = PBXVariantGroup;
			children = (
				1CF86D8E2076176F00B9C620 /* Base */,
			);
			name = LaunchScreen.storyboard;
			sourceTree = "<group>";
		};
/* End PBXVariantGroup section */

/* Begin XCBuildConfiguration section */
		1CF86D912076176F00B9C620 /* Debug */ = {
			isa = XCBuildConfiguration;
			buildSettings = {
				ALWAYS_SEARCH_USER_PATHS = NO;
				CLANG_ANALYZER_NONNULL = YES;
				CLANG_ANALYZER_NUMBER_OBJECT_CONVERSION = YES_AGGRESSIVE;
				CLANG_CXX_LANGUAGE_STANDARD = "gnu++14";
				CLANG_CXX_LIBRARY = "libc++";
				CLANG_ENABLE_MODULES = YES;
				CLANG_ENABLE_OBJC_ARC = YES;
				CLANG_WARN_BLOCK_CAPTURE_AUTORELEASING = YES;
				CLANG_WARN_BOOL_CONVERSION = YES;
				CLANG_WARN_COMMA = YES;
				CLANG_WARN_CONSTANT_CONVERSION = YES;
				CLANG_WARN_DIRECT_OBJC_ISA_USAGE = YES_ERROR;
				CLANG_WARN_DOCUMENTATION_COMMENTS = YES;
				CLANG_WARN_EMPTY_BODY = YES;
				CLANG_WARN_ENUM_CONVERSION = YES;
				CLANG_WARN_INFINITE_RECURSION = YES;
				CLANG_WARN_INT_CONVERSION = YES;
				CLANG_WARN_NON_LITERAL_NULL_CONVERSION = YES;
				CLANG_WARN_OBJC_LITERAL_CONVERSION = YES;
				CLANG_WARN_OBJC_ROOT_CLASS = YES_ERROR;
				CLANG_WARN_RANGE_LOOP_ANALYSIS = YES;
				CLANG_WARN_STRICT_PROTOTYPES = YES;
				CLANG_WARN_SUSPICIOUS_MOVE = YES;
				CLANG_WARN_UNGUARDED_AVAILABILITY = YES_AGGRESSIVE;
				CLANG_WARN_UNREACHABLE_CODE = YES;
				CLANG_WARN__DUPLICATE_METHOD_MATCH = YES;
				CODE_SIGN_IDENTITY = "iPhone Developer";
				COPY_PHASE_STRIP = NO;
				DEBUG_INFORMATION_FORMAT = dwarf;
				ENABLE_STRICT_OBJC_MSGSEND = YES;
				ENABLE_TESTABILITY = YES;
				GCC_C_LANGUAGE_STANDARD = gnu11;
				GCC_DYNAMIC_NO_PIC = NO;
				GCC_NO_COMMON_BLOCKS = YES;
				GCC_OPTIMIZATION_LEVEL = 0;
				GCC_PREPROCESSOR_DEFINITIONS = (
					"DEBUG=1",
					"$(inherited)",
				);
				GCC_WARN_64_TO_32_BIT_CONVERSION = YES;
				GCC_WARN_ABOUT_RETURN_TYPE = YES_ERROR;
				GCC_WARN_UNDECLARED_SELECTOR = YES;
				GCC_WARN_UNINITIALIZED_AUTOS = YES_AGGRESSIVE;
				GCC_WARN_UNUSED_FUNCTION = YES;
				GCC_WARN_UNUSED_VARIABLE = YES;
				IPHONEOS_DEPLOYMENT_TARGET = 10.0;
				MTL_ENABLE_DEBUG_INFO = YES;
				ONLY_ACTIVE_ARCH = YES;
				SDKROOT = iphoneos;
				SWIFT_ACTIVE_COMPILATION_CONDITIONS = DEBUG;
				SWIFT_OPTIMIZATION_LEVEL = "-Onone";
			};
			name = Debug;
		};
		1CF86D922076176F00B9C620 /* Release */ = {
			isa = XCBuildConfiguration;
			buildSettings = {
				ALWAYS_SEARCH_USER_PATHS = NO;
				CLANG_ANALYZER_NONNULL = YES;
				CLANG_ANALYZER_NUMBER_OBJECT_CONVERSION = YES_AGGRESSIVE;
				CLANG_CXX_LANGUAGE_STANDARD = "gnu++14";
				CLANG_CXX_LIBRARY = "libc++";
				CLANG_ENABLE_MODULES = YES;
				CLANG_ENABLE_OBJC_ARC = YES;
				CLANG_WARN_BLOCK_CAPTURE_AUTORELEASING = YES;
				CLANG_WARN_BOOL_CONVERSION = YES;
				CLANG_WARN_COMMA = YES;
				CLANG_WARN_CONSTANT_CONVERSION = YES;
				CLANG_WARN_DIRECT_OBJC_ISA_USAGE = YES_ERROR;
				CLANG_WARN_DOCUMENTATION_COMMENTS = YES;
				CLANG_WARN_EMPTY_BODY = YES;
				CLANG_WARN_ENUM_CONVERSION = YES;
				CLANG_WARN_INFINITE_RECURSION = YES;
				CLANG_WARN_INT_CONVERSION = YES;
				CLANG_WARN_NON_LITERAL_NULL_CONVERSION = YES;
				CLANG_WARN_OBJC_LITERAL_CONVERSION = YES;
				CLANG_WARN_OBJC_ROOT_CLASS = YES_ERROR;
				CLANG_WARN_RANGE_LOOP_ANALYSIS = YES;
				CLANG_WARN_STRICT_PROTOTYPES = YES;
				CLANG_WARN_SUSPICIOUS_MOVE = YES;
				CLANG_WARN_UNGUARDED_AVAILABILITY = YES_AGGRESSIVE;
				CLANG_WARN_UNREACHABLE_CODE = YES;
				CLANG_WARN__DUPLICATE_METHOD_MATCH = YES;
				CODE_SIGN_IDENTITY = "iPhone Developer";
				COPY_PHASE_STRIP = NO;
				DEBUG_INFORMATION_FORMAT = "dwarf-with-dsym";
				ENABLE_NS_ASSERTIONS = NO;
				ENABLE_STRICT_OBJC_MSGSEND = YES;
				GCC_C_LANGUAGE_STANDARD = gnu11;
				GCC_NO_COMMON_BLOCKS = YES;
				GCC_WARN_64_TO_32_BIT_CONVERSION = YES;
				GCC_WARN_ABOUT_RETURN_TYPE = YES_ERROR;
				GCC_WARN_UNDECLARED_SELECTOR = YES;
				GCC_WARN_UNINITIALIZED_AUTOS = YES_AGGRESSIVE;
				GCC_WARN_UNUSED_FUNCTION = YES;
				GCC_WARN_UNUSED_VARIABLE = YES;
				IPHONEOS_DEPLOYMENT_TARGET = 10.0;
				MTL_ENABLE_DEBUG_INFO = NO;
				SDKROOT = iphoneos;
				SWIFT_OPTIMIZATION_LEVEL = "-Owholemodule";
				VALIDATE_PRODUCT = YES;
			};
			name = Release;
		};
		1CF86D942076176F00B9C620 /* Debug */ = {
			isa = XCBuildConfiguration;
			buildSettings = {
				ASSETCATALOG_COMPILER_APPICON_NAME = AppIcon;
				CODE_SIGN_STYLE = Automatic;
				DEVELOPMENT_TEAM = ANZ6NK43UM;
				INFOPLIST_FILE = XBSwiftTabbarController/Info.plist;
				LD_RUNPATH_SEARCH_PATHS = "$(inherited) @executable_path/Frameworks";
				PRODUCT_BUNDLE_IDENTIFIER = com.XieShiJiTuan.XBSwiftTabbarController;
				PRODUCT_NAME = "$(TARGET_NAME)";
				SWIFT_VERSION = 4.0;
				TARGETED_DEVICE_FAMILY = "1,2";
			};
			name = Debug;
		};
		1CF86D952076176F00B9C620 /* Release */ = {
			isa = XCBuildConfiguration;
			buildSettings = {
				ASSETCATALOG_COMPILER_APPICON_NAME = AppIcon;
				CODE_SIGN_STYLE = Automatic;
				DEVELOPMENT_TEAM = ANZ6NK43UM;
				INFOPLIST_FILE = XBSwiftTabbarController/Info.plist;
				LD_RUNPATH_SEARCH_PATHS = "$(inherited) @executable_path/Frameworks";
				PRODUCT_BUNDLE_IDENTIFIER = com.XieShiJiTuan.XBSwiftTabbarController;
				PRODUCT_NAME = "$(TARGET_NAME)";
				SWIFT_VERSION = 4.0;
				TARGETED_DEVICE_FAMILY = "1,2";
			};
			name = Release;
		};
/* End XCBuildConfiguration section */

/* Begin XCConfigurationList section */
		1CF86D792076176F00B9C620 /* Build configuration list for PBXProject "XBSwiftTabbarController" */ = {
			isa = XCConfigurationList;
			buildConfigurations = (
				1CF86D912076176F00B9C620 /* Debug */,
				1CF86D922076176F00B9C620 /* Release */,
			);
			defaultConfigurationIsVisible = 0;
			defaultConfigurationName = Release;
		};
		1CF86D932076176F00B9C620 /* Build configuration list for PBXNativeTarget "XBSwiftTabbarController" */ = {
			isa = XCConfigurationList;
			buildConfigurations = (
				1CF86D942076176F00B9C620 /* Debug */,
				1CF86D952076176F00B9C620 /* Release */,
			);
			defaultConfigurationIsVisible = 0;
			defaultConfigurationName = Release;
		};
/* End XCConfigurationList section */

/* Begin XCVersionGroup section */
		1CF86D882076176F00B9C620 /* XBSwiftTabbarController.xcdatamodeld */ = {
			isa = XCVersionGroup;
			children = (
				1CF86D892076176F00B9C620 /* XBSwiftTabbarController.xcdatamodel */,
			);
			currentVersion = 1CF86D892076176F00B9C620 /* XBSwiftTabbarController.xcdatamodel */;
			path = XBSwiftTabbarController.xcdatamodeld;
			sourceTree = "<group>";
			versionGroupType = wrapper.xcdatamodel;
		};
/* End XCVersionGroup section */
	};
	rootObject = 1CF86D762076176F00B9C620 /* Project object */;
}
